
Microsoft Visual Studio Solution File, Format Version 12.00
# Visual Studio Version 17
VisualStudioVersion = 17.4.33122.133
MinimumVisualStudioVersion = 10.0.40219.1
Project("{FAE04EC0-301F-11D3-BF4B-00C04F79EFBC}") = "FlipkartCl", "FlipkartCl\FlipkartCl.csproj", "{C9ED4413-3C31-4DF0-8D90-9DD456981D77}"
EndProject
Project("{FAE04EC0-301F-11D3-BF4B-00C04F79EFBC}") = "FlipkartNUnit", "FlipkartNUnit\FlipkartNUnit.csproj", "{80879F0C-DE9F-403E-8495-46782FA9E3EB}"
EndProject
Global
	GlobalSection(SolutionConfigurationPlatforms) = preSolution
		Debug|Any CPU = Debug|Any CPU
		Release|Any CPU = Release|Any CPU
	EndGlobalSection
	GlobalSection(ProjectConfigurationPlatforms) = postSolution
		{C9ED4413-3C31-4DF0-8D90-9DD456981D77}.Debug|Any CPU.ActiveCfg = Debug|Any CPU
		{C9ED4413-3C31-4DF0-8D90-9DD456981D77}.Debug|Any CPU.Build.0 = Debug|Any CPU
		{C9ED4413-3C31-4DF0-8D90-9DD456981D77}.Release|Any CPU.ActiveCfg = Release|Any CPU
		{C9ED4413-3C31-4DF0-8D90-9DD456981D77}.Release|Any CPU.Build.0 = Release|Any CPU
		{80879F0C-DE9F-403E-8495-46782FA9E3EB}.Debug|Any CPU.ActiveCfg = Debug|Any CPU
		{80879F0C-DE9F-403E-8495-46782FA9E3EB}.Debug|Any CPU.Build.0 = Debug|Any CPU
		{80879F0C-DE9F-403E-8495-46782FA9E3EB}.Release|Any CPU.ActiveCfg = Release|Any CPU
		{80879F0C-DE9F-403E-8495-46782FA9E3EB}.Release|Any CPU.Build.0 = Release|Any CPU
	EndGlobalSection
	GlobalSection(SolutionProperties) = preSolution
		HideSolutionNode = FALSE
	EndGlobalSection
	GlobalSection(ExtensibilityGlobals) = postSolution
		SolutionGuid = {B0778ED7-F0EB-4517-93DE-77787D486707}
	EndGlobalSection
EndGlobal
